
Microsoft Visual Studio Solution File, Format Version 12.00
# Visual Studio Version 16
VisualStudioVersion = 16.6.30114.105
MinimumVisualStudioVersion = 10.0.40219.1
Project("{2150E333-8FDC-42A3-9474-1A3956D46DE8}") = "solution", "solution", "{C0365D75-5C0A-4E88-BC0F-FF595B731B6B}"
	ProjectSection(SolutionItems) = preProject
		LICENSE = LICENSE
		README.md = README.md
	EndProjectSection
EndProject
Project("{9A19103F-16F7-4668-BE54-9A1E7A4F7556}") = "BlazorTemplater", "BlazorTemplater\BlazorTemplater.csproj", "{FA397898-6780-41E8-8346-E70270A84F02}"
EndProject
Project("{9A19103F-16F7-4668-BE54-9A1E7A4F7556}") = "BlazorTemplater.Tests", "BlazorTemplater.Tests\BlazorTemplater.Tests.csproj", "{C8A768F6-50A4-4629-9027-E35A26B9D3F6}"
EndProject
Project("{9A19103F-16F7-4668-BE54-9A1E7A4F7556}") = "BlazorTemplater.Library", "BlazorTemplater.Library\BlazorTemplater.Library.csproj", "{67380A36-3EF3-4EC6-9733-CA37D0F52A7A}"
EndProject
Project("{2150E333-8FDC-42A3-9474-1A3956D46DE8}") = "docs", "docs", "{B0E3EF40-CE74-4196-993F-D65E256F52FB}"
	ProjectSection(SolutionItems) = preProject
		Docs\AddRazorSupport.md = Docs\AddRazorSupport.md
		Docs\Usage.md = Docs\Usage.md
	EndProjectSection
EndProject
Project("{9A19103F-16F7-4668-BE54-9A1E7A4F7556}") = "BlazorTemplater.ConsoleApp", "BlazorTemplater.ConsoleApp\BlazorTemplater.ConsoleApp.csproj", "{B1C3C891-8000-4AAB-AEAA-1902EDF6D3B0}"
EndProject
Project("{2150E333-8FDC-42A3-9474-1A3956D46DE8}") = "github", "github", "{B8C750B3-D263-4450-84C8-EB1A54F12BA5}"
	ProjectSection(SolutionItems) = preProject
		.github\workflows\dotnet-core-pr.yml = .github\workflows\dotnet-core-pr.yml
		.github\workflows\dotnet-core.yml = .github\workflows\dotnet-core.yml
	EndProjectSection
EndProject
Project("{2150E333-8FDC-42A3-9474-1A3956D46DE8}") = "perf", "perf", "{888D782D-D1A3-41D9-BFAD-32FC90993772}"
	ProjectSection(SolutionItems) = preProject
		Notes.md = Notes.md
	EndProjectSection
EndProject
Project("{9A19103F-16F7-4668-BE54-9A1E7A4F7556}") = "DataModel", "Perf\DataModel\DataModel.csproj", "{DD0728B0-6D17-4F14-B51D-21ADA0224683}"
EndProject
Project("{9A19103F-16F7-4668-BE54-9A1E7A4F7556}") = "RazorLightLibrary", "Perf\RazorLightLibrary\RazorLightLibrary.csproj", "{1070A8D0-69BC-4EE8-A86F-AA188E46F22E}"
EndProject
Project("{9A19103F-16F7-4668-BE54-9A1E7A4F7556}") = "RazorComponentLibrary", "Perf\RazorComponentLibrary\RazorComponentLibrary.csproj", "{80D3F159-8D8B-473E-A747-75DBB9972376}"
EndProject
Project("{9A19103F-16F7-4668-BE54-9A1E7A4F7556}") = "NetCore31Tests", "Perf\NetCore31Tests\NetCore31Tests.csproj", "{BC1909DE-D8BF-42DD-9C6B-56244C815EF7}"
EndProject
Project("{9A19103F-16F7-4668-BE54-9A1E7A4F7556}") = "RazorTemplatingLibrary", "Perf\RazorTemplatingLibrary\RazorTemplatingLibrary.csproj", "{5A076B70-50C7-4306-97A9-05FB5B7211C8}"
EndProject
Project("{FAE04EC0-301F-11D3-BF4B-00C04F79EFBC}") = "BenchmarkApp", "Perf\BenchmarkApp\BenchmarkApp.csproj", "{DB4835BD-018F-4620-A5BC-0C23E06D5EA6}"
EndProject
Global
	GlobalSection(SolutionConfigurationPlatforms) = preSolution
		Debug|Any CPU = Debug|Any CPU
		Debug|x64 = Debug|x64
		Debug|x86 = Debug|x86
		Release|Any CPU = Release|Any CPU
		Release|x64 = Release|x64
		Release|x86 = Release|x86
	EndGlobalSection
	GlobalSection(ProjectConfigurationPlatforms) = postSolution
		{FA397898-6780-41E8-8346-E70270A84F02}.Debug|Any CPU.ActiveCfg = Debug|Any CPU
		{FA397898-6780-41E8-8346-E70270A84F02}.Debug|Any CPU.Build.0 = Debug|Any CPU
		{FA397898-6780-41E8-8346-E70270A84F02}.Debug|x64.ActiveCfg = Debug|Any CPU
		{FA397898-6780-41E8-8346-E70270A84F02}.Debug|x64.Build.0 = Debug|Any CPU
		{FA397898-6780-41E8-8346-E70270A84F02}.Debug|x86.ActiveCfg = Debug|Any CPU
		{FA397898-6780-41E8-8346-E70270A84F02}.Debug|x86.Build.0 = Debug|Any CPU
		{FA397898-6780-41E8-8346-E70270A84F02}.Release|Any CPU.ActiveCfg = Release|Any CPU
		{FA397898-6780-41E8-8346-E70270A84F02}.Release|Any CPU.Build.0 = Release|Any CPU
		{FA397898-6780-41E8-8346-E70270A84F02}.Release|x64.ActiveCfg = Release|Any CPU
		{FA397898-6780-41E8-8346-E70270A84F02}.Release|x64.Build.0 = Release|Any CPU
		{FA397898-6780-41E8-8346-E70270A84F02}.Release|x86.ActiveCfg = Release|Any CPU
		{FA397898-6780-41E8-8346-E70270A84F02}.Release|x86.Build.0 = Release|Any CPU
		{C8A768F6-50A4-4629-9027-E35A26B9D3F6}.Debug|Any CPU.ActiveCfg = Debug|Any CPU
		{C8A768F6-50A4-4629-9027-E35A26B9D3F6}.Debug|Any CPU.Build.0 = Debug|Any CPU
		{C8A768F6-50A4-4629-9027-E35A26B9D3F6}.Debug|x64.ActiveCfg = Debug|Any CPU
		{C8A768F6-50A4-4629-9027-E35A26B9D3F6}.Debug|x64.Build.0 = Debug|Any CPU
		{C8A768F6-50A4-4629-9027-E35A26B9D3F6}.Debug|x86.ActiveCfg = Debug|Any CPU
		{C8A768F6-50A4-4629-9027-E35A26B9D3F6}.Debug|x86.Build.0 = Debug|Any CPU
		{C8A768F6-50A4-4629-9027-E35A26B9D3F6}.Release|Any CPU.ActiveCfg = Release|Any CPU
		{C8A768F6-50A4-4629-9027-E35A26B9D3F6}.Release|Any CPU.Build.0 = Release|Any CPU
		{C8A768F6-50A4-4629-9027-E35A26B9D3F6}.Release|x64.ActiveCfg = Release|Any CPU
		{C8A768F6-50A4-4629-9027-E35A26B9D3F6}.Release|x64.Build.0 = Release|Any CPU
		{C8A768F6-50A4-4629-9027-E35A26B9D3F6}.Release|x86.ActiveCfg = Release|Any CPU
		{C8A768F6-50A4-4629-9027-E35A26B9D3F6}.Release|x86.Build.0 = Release|Any CPU
		{67380A36-3EF3-4EC6-9733-CA37D0F52A7A}.Debug|Any CPU.ActiveCfg = Debug|Any CPU
		{67380A36-3EF3-4EC6-9733-CA37D0F52A7A}.Debug|Any CPU.Build.0 = Debug|Any CPU
		{67380A36-3EF3-4EC6-9733-CA37D0F52A7A}.Debug|x64.ActiveCfg = Debug|Any CPU
		{67380A36-3EF3-4EC6-9733-CA37D0F52A7A}.Debug|x64.Build.0 = Debug|Any CPU
		{67380A36-3EF3-4EC6-9733-CA37D0F52A7A}.Debug|x86.ActiveCfg = Debug|Any CPU
		{67380A36-3EF3-4EC6-9733-CA37D0F52A7A}.Debug|x86.Build.0 = Debug|Any CPU
		{67380A36-3EF3-4EC6-9733-CA37D0F52A7A}.Release|Any CPU.ActiveCfg = Release|Any CPU
		{67380A36-3EF3-4EC6-9733-CA37D0F52A7A}.Release|Any CPU.Build.0 = Release|Any CPU
		{67380A36-3EF3-4EC6-9733-CA37D0F52A7A}.Release|x64.ActiveCfg = Release|Any CPU
		{67380A36-3EF3-4EC6-9733-CA37D0F52A7A}.Release|x64.Build.0 = Release|Any CPU
		{67380A36-3EF3-4EC6-9733-CA37D0F52A7A}.Release|x86.ActiveCfg = Release|Any CPU
		{67380A36-3EF3-4EC6-9733-CA37D0F52A7A}.Release|x86.Build.0 = Release|Any CPU
		{B1C3C891-8000-4AAB-AEAA-1902EDF6D3B0}.Debug|Any CPU.ActiveCfg = Debug|Any CPU
		{B1C3C891-8000-4AAB-AEAA-1902EDF6D3B0}.Debug|Any CPU.Build.0 = Debug|Any CPU
		{B1C3C891-8000-4AAB-AEAA-1902EDF6D3B0}.Debug|x64.ActiveCfg = Debug|Any CPU
		{B1C3C891-8000-4AAB-AEAA-1902EDF6D3B0}.Debug|x64.Build.0 = Debug|Any CPU
		{B1C3C891-8000-4AAB-AEAA-1902EDF6D3B0}.Debug|x86.ActiveCfg = Debug|Any CPU
		{B1C3C891-8000-4AAB-AEAA-1902EDF6D3B0}.Debug|x86.Build.0 = Debug|Any CPU
		{B1C3C891-8000-4AAB-AEAA-1902EDF6D3B0}.Release|Any CPU.ActiveCfg = Release|Any CPU
		{B1C3C891-8000-4AAB-AEAA-1902EDF6D3B0}.Release|Any CPU.Build.0 = Release|Any CPU
		{B1C3C891-8000-4AAB-AEAA-1902EDF6D3B0}.Release|x64.ActiveCfg = Release|Any CPU
		{B1C3C891-8000-4AAB-AEAA-1902EDF6D3B0}.Release|x64.Build.0 = Release|Any CPU
		{B1C3C891-8000-4AAB-AEAA-1902EDF6D3B0}.Release|x86.ActiveCfg = Release|Any CPU
		{B1C3C891-8000-4AAB-AEAA-1902EDF6D3B0}.Release|x86.Build.0 = Release|Any CPU
		{DD0728B0-6D17-4F14-B51D-21ADA0224683}.Debug|Any CPU.ActiveCfg = Debug|Any CPU
		{DD0728B0-6D17-4F14-B51D-21ADA0224683}.Debug|Any CPU.Build.0 = Debug|Any CPU
		{DD0728B0-6D17-4F14-B51D-21ADA0224683}.Debug|x64.ActiveCfg = Debug|Any CPU
		{DD0728B0-6D17-4F14-B51D-21ADA0224683}.Debug|x64.Build.0 = Debug|Any CPU
		{DD0728B0-6D17-4F14-B51D-21ADA0224683}.Debug|x86.ActiveCfg = Debug|Any CPU
		{DD0728B0-6D17-4F14-B51D-21ADA0224683}.Debug|x86.Build.0 = Debug|Any CPU
		{DD0728B0-6D17-4F14-B51D-21ADA0224683}.Release|Any CPU.ActiveCfg = Release|Any CPU
		{DD0728B0-6D17-4F14-B51D-21ADA0224683}.Release|Any CPU.Build.0 = Release|Any CPU
		{DD0728B0-6D17-4F14-B51D-21ADA0224683}.Release|x64.ActiveCfg = Release|Any CPU
		{DD0728B0-6D17-4F14-B51D-21ADA0224683}.Release|x64.Build.0 = Release|Any CPU
		{DD0728B0-6D17-4F14-B51D-21ADA0224683}.Release|x86.ActiveCfg = Release|Any CPU
		{DD0728B0-6D17-4F14-B51D-21ADA0224683}.Release|x86.Build.0 = Release|Any CPU
		{1070A8D0-69BC-4EE8-A86F-AA188E46F22E}.Debug|Any CPU.ActiveCfg = Debug|Any CPU
		{1070A8D0-69BC-4EE8-A86F-AA188E46F22E}.Debug|Any CPU.Build.0 = Debug|Any CPU
		{1070A8D0-69BC-4EE8-A86F-AA188E46F22E}.Debug|x64.ActiveCfg = Debug|Any CPU
		{1070A8D0-69BC-4EE8-A86F-AA188E46F22E}.Debug|x64.Build.0 = Debug|Any CPU
		{1070A8D0-69BC-4EE8-A86F-AA188E46F22E}.Debug|x86.ActiveCfg = Debug|Any CPU
		{1070A8D0-69BC-4EE8-A86F-AA188E46F22E}.Debug|x86.Build.0 = Debug|Any CPU
		{1070A8D0-69BC-4EE8-A86F-AA188E46F22E}.Release|Any CPU.ActiveCfg = Release|Any CPU
		{1070A8D0-69BC-4EE8-A86F-AA188E46F22E}.Release|Any CPU.Build.0 = Release|Any CPU
		{1070A8D0-69BC-4EE8-A86F-AA188E46F22E}.Release|x64.ActiveCfg = Release|Any CPU
		{1070A8D0-69BC-4EE8-A86F-AA188E46F22E}.Release|x64.Build.0 = Release|Any CPU
		{1070A8D0-69BC-4EE8-A86F-AA188E46F22E}.Release|x86.ActiveCfg = Release|Any CPU
		{1070A8D0-69BC-4EE8-A86F-AA188E46F22E}.Release|x86.Build.0 = Release|Any CPU
		{80D3F159-8D8B-473E-A747-75DBB9972376}.Debug|Any CPU.ActiveCfg = Debug|Any CPU
		{80D3F159-8D8B-473E-A747-75DBB9972376}.Debug|Any CPU.Build.0 = Debug|Any CPU
		{80D3F159-8D8B-473E-A747-75DBB9972376}.Debug|x64.ActiveCfg = Debug|Any CPU
		{80D3F159-8D8B-473E-A747-75DBB9972376}.Debug|x64.Build.0 = Debug|Any CPU
		{80D3F159-8D8B-473E-A747-75DBB9972376}.Debug|x86.ActiveCfg = Debug|Any CPU
		{80D3F159-8D8B-473E-A747-75DBB9972376}.Debug|x86.Build.0 = Debug|Any CPU
		{80D3F159-8D8B-473E-A747-75DBB9972376}.Release|Any CPU.ActiveCfg = Release|Any CPU
		{80D3F159-8D8B-473E-A747-75DBB9972376}.Release|Any CPU.Build.0 = Release|Any CPU
		{80D3F159-8D8B-473E-A747-75DBB9972376}.Release|x64.ActiveCfg = Release|Any CPU
		{80D3F159-8D8B-473E-A747-75DBB9972376}.Release|x64.Build.0 = Release|Any CPU
		{80D3F159-8D8B-473E-A747-75DBB9972376}.Release|x86.ActiveCfg = Release|Any CPU
		{80D3F159-8D8B-473E-A747-75DBB9972376}.Release|x86.Build.0 = Release|Any CPU
		{BC1909DE-D8BF-42DD-9C6B-56244C815EF7}.Debug|Any CPU.ActiveCfg = Debug|Any CPU
		{BC1909DE-D8BF-42DD-9C6B-56244C815EF7}.Debug|Any CPU.Build.0 = Debug|Any CPU
		{BC1909DE-D8BF-42DD-9C6B-56244C815EF7}.Debug|x64.ActiveCfg = Debug|Any CPU
		{BC1909DE-D8BF-42DD-9C6B-56244C815EF7}.Debug|x64.Build.0 = Debug|Any CPU
		{BC1909DE-D8BF-42DD-9C6B-56244C815EF7}.Debug|x86.ActiveCfg = Debug|Any CPU
		{BC1909DE-D8BF-42DD-9C6B-56244C815EF7}.Debug|x86.Build.0 = Debug|Any CPU
		{BC1909DE-D8BF-42DD-9C6B-56244C815EF7}.Release|Any CPU.ActiveCfg = Release|Any CPU
		{BC1909DE-D8BF-42DD-9C6B-56244C815EF7}.Release|Any CPU.Build.0 = Release|Any CPU
		{BC1909DE-D8BF-42DD-9C6B-56244C815EF7}.Release|x64.ActiveCfg = Release|Any CPU
		{BC1909DE-D8BF-42DD-9C6B-56244C815EF7}.Release|x64.Build.0 = Release|Any CPU
		{BC1909DE-D8BF-42DD-9C6B-56244C815EF7}.Release|x86.ActiveCfg = Release|Any CPU
		{BC1909DE-D8BF-42DD-9C6B-56244C815EF7}.Release|x86.Build.0 = Release|Any CPU
		{5A076B70-50C7-4306-97A9-05FB5B7211C8}.Debug|Any CPU.ActiveCfg = Debug|Any CPU
		{5A076B70-50C7-4306-97A9-05FB5B7211C8}.Debug|Any CPU.Build.0 = Debug|Any CPU
		{5A076B70-50C7-4306-97A9-05FB5B7211C8}.Debug|x64.ActiveCfg = Debug|Any CPU
		{5A076B70-50C7-4306-97A9-05FB5B7211C8}.Debug|x64.Build.0 = Debug|Any CPU
		{5A076B70-50C7-4306-97A9-05FB5B7211C8}.Debug|x86.ActiveCfg = Debug|Any CPU
		{5A076B70-50C7-4306-97A9-05FB5B7211C8}.Debug|x86.Build.0 = Debug|Any CPU
		{5A076B70-50C7-4306-97A9-05FB5B7211C8}.Release|Any CPU.ActiveCfg = Release|Any CPU
		{5A076B70-50C7-4306-97A9-05FB5B7211C8}.Release|Any CPU.Build.0 = Release|Any CPU
		{5A076B70-50C7-4306-97A9-05FB5B7211C8}.Release|x64.ActiveCfg = Release|Any CPU
		{5A076B70-50C7-4306-97A9-05FB5B7211C8}.Release|x64.Build.0 = Release|Any CPU
		{5A076B70-50C7-4306-97A9-05FB5B7211C8}.Release|x86.ActiveCfg = Release|Any CPU
		{5A076B70-50C7-4306-97A9-05FB5B7211C8}.Release|x86.Build.0 = Release|Any CPU
		{DB4835BD-018F-4620-A5BC-0C23E06D5EA6}.Debug|Any CPU.ActiveCfg = Debug|Any CPU
		{DB4835BD-018F-4620-A5BC-0C23E06D5EA6}.Debug|Any CPU.Build.0 = Debug|Any CPU
		{DB4835BD-018F-4620-A5BC-0C23E06D5EA6}.Debug|x64.ActiveCfg = Debug|Any CPU
		{DB4835BD-018F-4620-A5BC-0C23E06D5EA6}.Debug|x64.Build.0 = Debug|Any CPU
		{DB4835BD-018F-4620-A5BC-0C23E06D5EA6}.Debug|x86.ActiveCfg = Debug|Any CPU
		{DB4835BD-018F-4620-A5BC-0C23E06D5EA6}.Debug|x86.Build.0 = Debug|Any CPU
		{DB4835BD-018F-4620-A5BC-0C23E06D5EA6}.Release|Any CPU.ActiveCfg = Release|Any CPU
		{DB4835BD-018F-4620-A5BC-0C23E06D5EA6}.Release|Any CPU.Build.0 = Release|Any CPU
		{DB4835BD-018F-4620-A5BC-0C23E06D5EA6}.Release|x64.ActiveCfg = Release|Any CPU
		{DB4835BD-018F-4620-A5BC-0C23E06D5EA6}.Release|x64.Build.0 = Release|Any CPU
		{DB4835BD-018F-4620-A5BC-0C23E06D5EA6}.Release|x86.ActiveCfg = Release|Any CPU
		{DB4835BD-018F-4620-A5BC-0C23E06D5EA6}.Release|x86.Build.0 = Release|Any CPU
	EndGlobalSection
	GlobalSection(SolutionProperties) = preSolution
		HideSolutionNode = FALSE
	EndGlobalSection
	GlobalSection(NestedProjects) = preSolution
		{B0E3EF40-CE74-4196-993F-D65E256F52FB} = {C0365D75-5C0A-4E88-BC0F-FF595B731B6B}
		{DD0728B0-6D17-4F14-B51D-21ADA0224683} = {888D782D-D1A3-41D9-BFAD-32FC90993772}
		{1070A8D0-69BC-4EE8-A86F-AA188E46F22E} = {888D782D-D1A3-41D9-BFAD-32FC90993772}
		{80D3F159-8D8B-473E-A747-75DBB9972376} = {888D782D-D1A3-41D9-BFAD-32FC90993772}
		{BC1909DE-D8BF-42DD-9C6B-56244C815EF7} = {888D782D-D1A3-41D9-BFAD-32FC90993772}
		{5A076B70-50C7-4306-97A9-05FB5B7211C8} = {888D782D-D1A3-41D9-BFAD-32FC90993772}
		{DB4835BD-018F-4620-A5BC-0C23E06D5EA6} = {888D782D-D1A3-41D9-BFAD-32FC90993772}
	EndGlobalSection
	GlobalSection(ExtensibilityGlobals) = postSolution
		SolutionGuid = {0BE01B9B-9B2C-4D66-AF7B-267535A5D00E}
	EndGlobalSection
EndGlobal
